{
  "originHash" : "2dce14ebb87c63879da5bdd4c4ae67dbef59d732309f496b563a273fb8d0b641",
  "pins" : [
    {
      "identity" : "swift-syntax",
      "kind" : "remoteSourceControl",
      "location" : "https://github.com/swiftlang/swift-syntax.git",
      "state" : {
        "revision" : "9de99a78f099e59caf2b2beec65a4c45d54b2081",
        "version" : "603.0.1"
      }
    },
    {
      "identity" : "swift-testing",
      "kind" : "remoteSourceControl",
      "location" : "https://github.com/apple/swift-testing.git",
      "state" : {
        "revision" : "937120cbc281cf29727fdfb8734482158508b4fc",
        "version" : "6.3.1"
      }
    }
  ],
  "version" : 3
}
